<?xml version="1.0" encoding="utf-8"?>
<Project ToolsVersion="4.0" xmlns="http://schemas.microsoft.com/developer/msbuild/2003">
  <ItemGroup>
    <Filter Include="Resource Files">
      <UniqueIdentifier>{D9D6E242-F8AF-46E4-B9FD-80ECBC20BA3E}</UniqueIdentifier>
      <Extensions>qrc;*</Extensions>
      <ParseFiles>false</ParseFiles>
    </Filter>
    <Filter Include="Source Files">
      <UniqueIdentifier>{4FC737F1-C7A5-4376-A066-2A32D752A2FF}</UniqueIdentifier>
      <Extensions>cpp;c;cc;cxx;def;odl;idl;hpj;bat;asm;asmx</Extensions>
      <ParseFiles>true</ParseFiles>
    </Filter>
    <Filter Include="Header Files">
      <UniqueIdentifier>{93995380-89BD-4b04-88EB-625FBE52EBFB}</UniqueIdentifier>
      <Extensions>h;hh;hpp;hxx;hm;inl;inc;xsd</Extensions>
      <ParseFiles>true</ParseFiles>
    </Filter>
    <Filter Include="Form Files">
      <UniqueIdentifier>{99349809-55BA-4b9d-BF79-8FDBB0286EB3}</UniqueIdentifier>
      <Extensions>ui</Extensions>
      <ParseFiles>true</ParseFiles>
    </Filter>
  </ItemGroup>
  <ItemGroup>
    <ClInclude Include="dell_fan_utility\bzh_dell_fan_utility_drv.h">
      <Filter>Header Files</Filter>
    </ClInclude>
    <ClInclude Include="dell_fan_utility\bzh_dell_fan_utility_th.h">
      <Filter>Header Files</Filter>
    </ClInclude>
    <ClInclude Include="dell_fan_utility\bzh_dell_fan_utility_ui.h">
      <Filter>Header Files</Filter>
    </ClInclude>
    <ClInclude Include="dell_fan_utility\bzh_dell_smm_io_codes.h">
      <Filter>Header Files</Filter>
    </ClInclude>
    <ClInclude Include="dell_fan_utility\bzh_dell_smm_io_drv_fun.h">
      <Filter>Header Files</Filter>
    </ClInclude>
    <ClInclude Include="dell_fan_utility\bzh_dell_smm_io_drv_opt.h">
      <Filter>Header Files</Filter>
    </ClInclude>
    <ClInclude Include="dell_fan_utility\bzh_dell_smm_io_includes.h">
      <Filter>Header Files</Filter>
    </ClInclude>
  </ItemGroup>
  <ItemGroup>
    <QtMoc Include="dell_fan_utility\bzh_dell_smm_io_fan_opt.h">
      <Filter>Header Files</Filter>
    </QtMoc>
    <QtMoc Include="dell_fan_utility\mainwindow.h">
      <Filter>Header Files</Filter>
    </QtMoc>
  </ItemGroup>
  <ItemGroup>
    <ClCompile Include="dell_fan_utility\bzh_dell_smm_io_drv_fun.cpp">
      <Filter>Source Files</Filter>
    </ClCompile>
    <ClCompile Include="dell_fan_utility\bzh_dell_smm_io_drv_opt.cpp">
      <Filter>Source Files</Filter>
    </ClCompile>
    <ClCompile Include="dell_fan_utility\bzh_dell_smm_io_fan_opt.cpp">
      <Filter>Source Files</Filter>
    </ClCompile>
    <ClCompile Include="dell_fan_utility\main.cpp">
      <Filter>Source Files</Filter>
    </ClCompile>
    <ClCompile Include="dell_fan_utility\mainwindow.cpp">
      <Filter>Source Files</Filter>
    </ClCompile>
  </ItemGroup>
  <ItemGroup>
    <QtUic Include="dell_fan_utility\mainwindow.ui">
      <Filter>Resource Files</Filter>
    </QtUic>
  </ItemGroup>
</Project>